<?xml version="1.0" encoding="utf-8"?>
<Project ToolsVersion="4.0" xmlns="http://schemas.microsoft.com/developer/msbuild/2003">
  <ItemGroup>
    <Filter Include="Source Files">
      <UniqueIdentifier>{4FC737F1-C7A5-4376-A066-2A32D752A2FF}</UniqueIdentifier>
      <Extensions>cpp;c;cc;cxx;def;odl;idl;hpj;bat;asm;asmx</Extensions>
    </Filter>
    <Filter Include="Header Files">
      <UniqueIdentifier>{93995380-89BD-4b04-88EB-625FBE52EBFB}</UniqueIdentifier>
      <Extensions>h;hh;hpp;hxx;hm;inl;inc;ipp;xsd</Extensions>
    </Filter>
    <Filter Include="Resource Files">
      <UniqueIdentifier>{67DA6AB6-F800-4c08-8B7A-83BB121AAD01}</UniqueIdentifier>
      <Extensions>rc;ico;cur;bmp;dlg;rc2;rct;bin;rgs;gif;jpg;jpeg;jpe;resx;tiff;tif;png;wav;mfcribbon-ms</Extensions>
    </Filter>
    <Filter Include="Header Files\Domain">
      <UniqueIdentifier>{be286794-cee9-47a0-90fe-91daa0777b78}</UniqueIdentifier>
    </Filter>
    <Filter Include="Header Files\CQRS">
      <UniqueIdentifier>{3b2d3b85-3bd9-4131-94ee-f76cac906dfe}</UniqueIdentifier>
    </Filter>
    <Filter Include="Header Files\Persistance">
      <UniqueIdentifier>{1a09758a-4d53-412c-b0d2-f1b4d9d45022}</UniqueIdentifier>
    </Filter>
    <Filter Include="Header Files\IoC">
      <UniqueIdentifier>{ee5c3909-0edb-437e-8325-8a959756419d}</UniqueIdentifier>
    </Filter>
  </ItemGroup>
  <ItemGroup>
    <ClCompile Include="main.cpp">
      <Filter>Source Files</Filter>
    </ClCompile>
    <ClCompile Include="User.cpp">
      <Filter>Source Files</Filter>
    </ClCompile>
    <ClCompile Include="Repositories.cpp">
      <Filter>Source Files</Filter>
    </ClCompile>
  </ItemGroup>
  <ItemGroup>
    <ClInclude Include="Commands.h">
      <Filter>Header Files\CQRS</Filter>
    </ClInclude>
    <ClInclude Include="Handlers.h">
      <Filter>Header Files\CQRS</Filter>
    </ClInclude>
    <ClInclude Include="Repositories.h">
      <Filter>Header Files\Persistance</Filter>
    </ClInclude>
    <ClInclude Include="User.h">
      <Filter>Header Files\Domain</Filter>
    </ClInclude>
    <ClInclude Include="CommandBus.h">
      <Filter>Header Files\CQRS</Filter>
    </ClInclude>
    <ClInclude Include="di.h">
      <Filter>Header Files\IoC</Filter>
    </ClInclude>
    <ClInclude Include="Injector.h">
      <Filter>Header Files\IoC</Filter>
    </ClInclude>
  </ItemGroup>
  <ItemGroup>
    <None Include="packages.config" />
  </ItemGroup>
</Project>