
Microsoft Visual Studio Solution File, Format Version 12.00
# Visual Studio 15
VisualStudioVersion = 15.0.27703.2035
MinimumVisualStudioVersion = 10.0.40219.1
Project("{8BC9CEB8-8B4A-11D0-8D11-00A0C91BC942}") = "Command Handler Demo", "Command Handler Demo\Command Handler Demo.vcxproj", "{CD018136-8B51-43B4-8F1B-F6849CF65DA9}"
EndProject
Project("{8BC9CEB8-8B4A-11D0-8D11-00A0C91BC942}") = "Hypodermic", "Hypodermic-2.4\Hypodermic\Hypodermic.vcxproj", "{8DBC5914-BB29-46A9-B50C-4C37EA34C849}"
EndProject
Global
	GlobalSection(SolutionConfigurationPlatforms) = preSolution
		Debug|x64 = Debug|x64
		Debug|x86 = Debug|x86
		Release|x64 = Release|x64
		Release|x86 = Release|x86
	EndGlobalSection
	GlobalSection(ProjectConfigurationPlatforms) = postSolution
		{CD018136-8B51-43B4-8F1B-F6849CF65DA9}.Debug|x64.ActiveCfg = Debug|x64
		{CD018136-8B51-43B4-8F1B-F6849CF65DA9}.Debug|x64.Build.0 = Debug|x64
		{CD018136-8B51-43B4-8F1B-F6849CF65DA9}.Debug|x86.ActiveCfg = Debug|Win32
		{CD018136-8B51-43B4-8F1B-F6849CF65DA9}.Debug|x86.Build.0 = Debug|Win32
		{CD018136-8B51-43B4-8F1B-F6849CF65DA9}.Release|x64.ActiveCfg = Release|x64
		{CD018136-8B51-43B4-8F1B-F6849CF65DA9}.Release|x64.Build.0 = Release|x64
		{CD018136-8B51-43B4-8F1B-F6849CF65DA9}.Release|x86.ActiveCfg = Release|Win32
		{CD018136-8B51-43B4-8F1B-F6849CF65DA9}.Release|x86.Build.0 = Release|Win32
		{8DBC5914-BB29-46A9-B50C-4C37EA34C849}.Debug|x64.ActiveCfg = Debug|x64
		{8DBC5914-BB29-46A9-B50C-4C37EA34C849}.Debug|x64.Build.0 = Debug|x64
		{8DBC5914-BB29-46A9-B50C-4C37EA34C849}.Debug|x86.ActiveCfg = Debug|Win32
		{8DBC5914-BB29-46A9-B50C-4C37EA34C849}.Debug|x86.Build.0 = Debug|Win32
		{8DBC5914-BB29-46A9-B50C-4C37EA34C849}.Release|x64.ActiveCfg = Release|x64
		{8DBC5914-BB29-46A9-B50C-4C37EA34C849}.Release|x64.Build.0 = Release|x64
		{8DBC5914-BB29-46A9-B50C-4C37EA34C849}.Release|x86.ActiveCfg = Release|Win32
		{8DBC5914-BB29-46A9-B50C-4C37EA34C849}.Release|x86.Build.0 = Release|Win32
	EndGlobalSection
	GlobalSection(SolutionProperties) = preSolution
		HideSolutionNode = FALSE
	EndGlobalSection
	GlobalSection(ExtensibilityGlobals) = postSolution
		SolutionGuid = {BF6108B0-C2B8-4835-9F60-6944DAE0BCA3}
	EndGlobalSection
EndGlobal
